// !$*UTF8*$!
{
	archiveVersion = 1;
	classes = {
	};
	objectVersion = 56;
	objects = {

/* Begin PBXBuildFile section */
		18E7D9092B0A3A5900D18B9E /* OwnLabApp.swift in Sources */ = {isa = PBXBuildFile; fileRef = 18E7D9082B0A3A5900D18B9E /* OwnLabApp.swift */; };
		18E7D90B2B0A3A5900D18B9E /* ContentView.swift in Sources */ = {isa = PBXBuildFile; fileRef = 18E7D90A2B0A3A5900D18B9E /* ContentView.swift */; };
		18E7D90D2B0A3A5A00D18B9E /* Assets.xcassets in Resources */ = {isa = PBXBuildFile; fileRef = 18E7D90C2B0A3A5A00D18B9E /* Assets.xcassets */; };
		18E7D9102B0A3A5A00D18B9E /* Preview Assets.xcassets in Resources */ = {isa = PBXBuildFile; fileRef = 18E7D90F2B0A3A5A00D18B9E /* Preview Assets.xcassets */; };
		18E7D91A2B0A3A5A00D18B9E /* OwnLabTests.swift in Sources */ = {isa = PBXBuildFile; fileRef = 18E7D9192B0A3A5A00D18B9E /* OwnLabTests.swift */; };
		18E7D9242B0A3A5A00D18B9E /* OwnLabUITests.swift in Sources */ = {isa = PBXBuildFile; fileRef = 18E7D9232B0A3A5A00D18B9E /* OwnLabUITests.swift */; };
		18E7D9262B0A3A5A00D18B9E /* OwnLabUITestsLaunchTests.swift in Sources */ = {isa = PBXBuildFile; fileRef = 18E7D9252B0A3A5A00D18B9E /* OwnLabUITestsLaunchTests.swift */; };
		18E7D9332B0A438100D18B9E /* HomeView.swift in Sources */ = {isa = PBXBuildFile; fileRef = 18E7D9322B0A438100D18B9E /* HomeView.swift */; };
		18E7D9352B0A491200D18B9E /* iOSCheckboxToggleStyle.swift in Sources */ = {isa = PBXBuildFile; fileRef = 18E7D9342B0A491200D18B9E /* iOSCheckboxToggleStyle.swift */; };
		18E7D9372B0A4A4700D18B9E /* FindingView.swift in Sources */ = {isa = PBXBuildFile; fileRef = 18E7D9362B0A4A4700D18B9E /* FindingView.swift */; };
		18E7D9392B0A50D000D18B9E /* RegisterView.swift in Sources */ = {isa = PBXBuildFile; fileRef = 18E7D9382B0A50D000D18B9E /* RegisterView.swift */; };
		18F7B39E2B105B6600FD8B5A /* SearchBar.swift in Sources */ = {isa = PBXBuildFile; fileRef = 18F7B39D2B105B6600FD8B5A /* SearchBar.swift */; };
		18F7B3A02B106A8800FD8B5A /* ViewModifiers.swift in Sources */ = {isa = PBXBuildFile; fileRef = 18F7B39F2B106A8700FD8B5A /* ViewModifiers.swift */; };
		4F2DDDF90A85C3FD24531F06 /* Pods_OwnLab.framework in Frameworks */ = {isa = PBXBuildFile; fileRef = F5E895E06FD06B3CD3E60070 /* Pods_OwnLab.framework */; };
		B2896C6FABDD2C92CB6E3B26 /* Pods_OwnLab_OwnLabUITests.framework in Frameworks */ = {isa = PBXBuildFile; fileRef = 1AB7D6AC827846BA2FFC5BF3 /* Pods_OwnLab_OwnLabUITests.framework */; };
		F122E4DA5F133D7602C9F15B /* Pods_OwnLabTests.framework in Frameworks */ = {isa = PBXBuildFile; fileRef = E75390F8981722719D35BC84 /* Pods_OwnLabTests.framework */; };
/* End PBXBuildFile section */

/* Begin PBXContainerItemProxy section */
		18E7D9162B0A3A5A00D18B9E /* PBXContainerItemProxy */ = {
			isa = PBXContainerItemProxy;
			containerPortal = 18E7D8FD2B0A3A5900D18B9E /* Project object */;
			proxyType = 1;
			remoteGlobalIDString = 18E7D9042B0A3A5900D18B9E;
			remoteInfo = OwnLab;
		};
		18E7D9202B0A3A5A00D18B9E /* PBXContainerItemProxy */ = {
			isa = PBXContainerItemProxy;
			containerPortal = 18E7D8FD2B0A3A5900D18B9E /* Project object */;
			proxyType = 1;
			remoteGlobalIDString = 18E7D9042B0A3A5900D18B9E;
			remoteInfo = OwnLab;
		};
/* End PBXContainerItemProxy section */

/* Begin PBXFileReference section */
		18E7D9052B0A3A5900D18B9E /* OwnLab.app */ = {isa = PBXFileReference; explicitFileType = wrapper.application; includeInIndex = 0; path = OwnLab.app; sourceTree = BUILT_PRODUCTS_DIR; };
		18E7D9082B0A3A5900D18B9E /* OwnLabApp.swift */ = {isa = PBXFileReference; lastKnownFileType = sourcecode.swift; path = OwnLabApp.swift; sourceTree = "<group>"; };
		18E7D90A2B0A3A5900D18B9E /* ContentView.swift */ = {isa = PBXFileReference; lastKnownFileType = sourcecode.swift; path = ContentView.swift; sourceTree = "<group>"; };
		18E7D90C2B0A3A5A00D18B9E /* Assets.xcassets */ = {isa = PBXFileReference; lastKnownFileType = folder.assetcatalog; path = Assets.xcassets; sourceTree = "<group>"; };
		18E7D90F2B0A3A5A00D18B9E /* Preview Assets.xcassets */ = {isa = PBXFileReference; lastKnownFileType = folder.assetcatalog; path = "Preview Assets.xcassets"; sourceTree = "<group>"; };
		18E7D9152B0A3A5A00D18B9E /* OwnLabTests.xctest */ = {isa = PBXFileReference; explicitFileType = wrapper.cfbundle; includeInIndex = 0; path = OwnLabTests.xctest; sourceTree = BUILT_PRODUCTS_DIR; };
		18E7D9192B0A3A5A00D18B9E /* OwnLabTests.swift */ = {isa = PBXFileReference; lastKnownFileType = sourcecode.swift; path = OwnLabTests.swift; sourceTree = "<group>"; };
		18E7D91F2B0A3A5A00D18B9E /* OwnLabUITests.xctest */ = {isa = PBXFileReference; explicitFileType = wrapper.cfbundle; includeInIndex = 0; path = OwnLabUITests.xctest; sourceTree = BUILT_PRODUCTS_DIR; };
		18E7D9232B0A3A5A00D18B9E /* OwnLabUITests.swift */ = {isa = PBXFileReference; lastKnownFileType = sourcecode.swift; path = OwnLabUITests.swift; sourceTree = "<group>"; };
		18E7D9252B0A3A5A00D18B9E /* OwnLabUITestsLaunchTests.swift */ = {isa = PBXFileReference; lastKnownFileType = sourcecode.swift; path = OwnLabUITestsLaunchTests.swift; sourceTree = "<group>"; };
		18E7D9322B0A438100D18B9E /* HomeView.swift */ = {isa = PBXFileReference; lastKnownFileType = sourcecode.swift; path = HomeView.swift; sourceTree = "<group>"; };
		18E7D9342B0A491200D18B9E /* iOSCheckboxToggleStyle.swift */ = {isa = PBXFileReference; lastKnownFileType = sourcecode.swift; path = iOSCheckboxToggleStyle.swift; sourceTree = "<group>"; };
		18E7D9362B0A4A4700D18B9E /* FindingView.swift */ = {isa = PBXFileReference; lastKnownFileType = sourcecode.swift; path = FindingView.swift; sourceTree = "<group>"; };
		18E7D9382B0A50D000D18B9E /* RegisterView.swift */ = {isa = PBXFileReference; lastKnownFileType = sourcecode.swift; path = RegisterView.swift; sourceTree = "<group>"; };
		18F7B39D2B105B6600FD8B5A /* SearchBar.swift */ = {isa = PBXFileReference; lastKnownFileType = sourcecode.swift; path = SearchBar.swift; sourceTree = "<group>"; };
		18F7B39F2B106A8700FD8B5A /* ViewModifiers.swift */ = {isa = PBXFileReference; lastKnownFileType = sourcecode.swift; path = ViewModifiers.swift; sourceTree = "<group>"; };
		1AB7D6AC827846BA2FFC5BF3 /* Pods_OwnLab_OwnLabUITests.framework */ = {isa = PBXFileReference; explicitFileType = wrapper.framework; includeInIndex = 0; path = Pods_OwnLab_OwnLabUITests.framework; sourceTree = BUILT_PRODUCTS_DIR; };
		1F99C83B1D6F757487EC54BE /* Pods-OwnLabTests.release.xcconfig */ = {isa = PBXFileReference; includeInIndex = 1; lastKnownFileType = text.xcconfig; name = "Pods-OwnLabTests.release.xcconfig"; path = "Target Support Files/Pods-OwnLabTests/Pods-OwnLabTests.release.xcconfig"; sourceTree = "<group>"; };
		68CD77C262E2EF1789E76561 /* Pods-OwnLab.release.xcconfig */ = {isa = PBXFileReference; includeInIndex = 1; lastKnownFileType = text.xcconfig; name = "Pods-OwnLab.release.xcconfig"; path = "Target Support Files/Pods-OwnLab/Pods-OwnLab.release.xcconfig"; sourceTree = "<group>"; };
		8ABA5163FCB56455E847CD41 /* Pods-OwnLab-OwnLabUITests.debug.xcconfig */ = {isa = PBXFileReference; includeInIndex = 1; lastKnownFileType = text.xcconfig; name = "Pods-OwnLab-OwnLabUITests.debug.xcconfig"; path = "Target Support Files/Pods-OwnLab-OwnLabUITests/Pods-OwnLab-OwnLabUITests.debug.xcconfig"; sourceTree = "<group>"; };
		B731BE11F1B541DDBE68334C /* Pods-OwnLab.debug.xcconfig */ = {isa = PBXFileReference; includeInIndex = 1; lastKnownFileType = text.xcconfig; name = "Pods-OwnLab.debug.xcconfig"; path = "Target Support Files/Pods-OwnLab/Pods-OwnLab.debug.xcconfig"; sourceTree = "<group>"; };
		CE1656973AE29251B8C7815B /* Pods-OwnLab-OwnLabUITests.release.xcconfig */ = {isa = PBXFileReference; includeInIndex = 1; lastKnownFileType = text.xcconfig; name = "Pods-OwnLab-OwnLabUITests.release.xcconfig"; path = "Target Support Files/Pods-OwnLab-OwnLabUITests/Pods-OwnLab-OwnLabUITests.release.xcconfig"; sourceTree = "<group>"; };
		E75390F8981722719D35BC84 /* Pods_OwnLabTests.framework */ = {isa = PBXFileReference; explicitFileType = wrapper.framework; includeInIndex = 0; path = Pods_OwnLabTests.framework; sourceTree = BUILT_PRODUCTS_DIR; };
		F1188C49856420B30B100A74 /* Pods-OwnLabTests.debug.xcconfig */ = {isa = PBXFileReference; includeInIndex = 1; lastKnownFileType = text.xcconfig; name = "Pods-OwnLabTests.debug.xcconfig"; path = "Target Support Files/Pods-OwnLabTests/Pods-OwnLabTests.debug.xcconfig"; sourceTree = "<group>"; };
		F5E895E06FD06B3CD3E60070 /* Pods_OwnLab.framework */ = {isa = PBXFileReference; explicitFileType = wrapper.framework; includeInIndex = 0; path = Pods_OwnLab.framework; sourceTree = BUILT_PRODUCTS_DIR; };
/* End PBXFileReference section */

/* Begin PBXFrameworksBuildPhase section */
		18E7D9022B0A3A5900D18B9E /* Frameworks */ = {
			isa = PBXFrameworksBuildPhase;
			buildActionMask = 2147483647;
			files = (
				4F2DDDF90A85C3FD24531F06 /* Pods_OwnLab.framework in Frameworks */,
			);
			runOnlyForDeploymentPostprocessing = 0;
		};
		18E7D9122B0A3A5A00D18B9E /* Frameworks */ = {
			isa = PBXFrameworksBuildPhase;
			buildActionMask = 2147483647;
			files = (
				F122E4DA5F133D7602C9F15B /* Pods_OwnLabTests.framework in Frameworks */,
			);
			runOnlyForDeploymentPostprocessing = 0;
		};
		18E7D91C2B0A3A5A00D18B9E /* Frameworks */ = {
			isa = PBXFrameworksBuildPhase;
			buildActionMask = 2147483647;
			files = (
				B2896C6FABDD2C92CB6E3B26 /* Pods_OwnLab_OwnLabUITests.framework in Frameworks */,
			);
			runOnlyForDeploymentPostprocessing = 0;
		};
/* End PBXFrameworksBuildPhase section */

/* Begin PBXGroup section */
		18E7D8FC2B0A3A5900D18B9E = {
			isa = PBXGroup;
			children = (
				18E7D9072B0A3A5900D18B9E /* OwnLab */,
				18E7D9182B0A3A5A00D18B9E /* OwnLabTests */,
				18E7D9222B0A3A5A00D18B9E /* OwnLabUITests */,
				18E7D9062B0A3A5900D18B9E /* Products */,
				546A8B7866490842FC898D0B /* Pods */,
				FEF80504030422399619BE3F /* Frameworks */,
			);
			sourceTree = "<group>";
		};
		18E7D9062B0A3A5900D18B9E /* Products */ = {
			isa = PBXGroup;
			children = (
				18E7D9052B0A3A5900D18B9E /* OwnLab.app */,
				18E7D9152B0A3A5A00D18B9E /* OwnLabTests.xctest */,
				18E7D91F2B0A3A5A00D18B9E /* OwnLabUITests.xctest */,
			);
			name = Products;
			sourceTree = "<group>";
		};
		18E7D9072B0A3A5900D18B9E /* OwnLab */ = {
			isa = PBXGroup;
			children = (
				18E7D9082B0A3A5900D18B9E /* OwnLabApp.swift */,
				18E7D90A2B0A3A5900D18B9E /* ContentView.swift */,
				18E7D90C2B0A3A5A00D18B9E /* Assets.xcassets */,
				18E7D90E2B0A3A5A00D18B9E /* Preview Content */,
				18E7D9322B0A438100D18B9E /* HomeView.swift */,
				18E7D9342B0A491200D18B9E /* iOSCheckboxToggleStyle.swift */,
				18E7D9362B0A4A4700D18B9E /* FindingView.swift */,
				18E7D9382B0A50D000D18B9E /* RegisterView.swift */,
				18F7B39D2B105B6600FD8B5A /* SearchBar.swift */,
				18F7B39F2B106A8700FD8B5A /* ViewModifiers.swift */,
			);
			path = OwnLab;
			sourceTree = "<group>";
		};
		18E7D90E2B0A3A5A00D18B9E /* Preview Content */ = {
			isa = PBXGroup;
			children = (
				18E7D90F2B0A3A5A00D18B9E /* Preview Assets.xcassets */,
			);
			path = "Preview Content";
			sourceTree = "<group>";
		};
		18E7D9182B0A3A5A00D18B9E /* OwnLabTests */ = {
			isa = PBXGroup;
			children = (
				18E7D9192B0A3A5A00D18B9E /* OwnLabTests.swift */,
			);
			path = OwnLabTests;
			sourceTree = "<group>";
		};
		18E7D9222B0A3A5A00D18B9E /* OwnLabUITests */ = {
			isa = PBXGroup;
			children = (
				18E7D9232B0A3A5A00D18B9E /* OwnLabUITests.swift */,
				18E7D9252B0A3A5A00D18B9E /* OwnLabUITestsLaunchTests.swift */,
			);
			path = OwnLabUITests;
			sourceTree = "<group>";
		};
		546A8B7866490842FC898D0B /* Pods */ = {
			isa = PBXGroup;
			children = (
				B731BE11F1B541DDBE68334C /* Pods-OwnLab.debug.xcconfig */,
				68CD77C262E2EF1789E76561 /* Pods-OwnLab.release.xcconfig */,
				8ABA5163FCB56455E847CD41 /* Pods-OwnLab-OwnLabUITests.debug.xcconfig */,
				CE1656973AE29251B8C7815B /* Pods-OwnLab-OwnLabUITests.release.xcconfig */,
				F1188C49856420B30B100A74 /* Pods-OwnLabTests.debug.xcconfig */,
				1F99C83B1D6F757487EC54BE /* Pods-OwnLabTests.release.xcconfig */,
			);
			name = Pods;
			path = Pods;
			sourceTree = "<group>";
		};
		FEF80504030422399619BE3F /* Frameworks */ = {
			isa = PBXGroup;
			children = (
				F5E895E06FD06B3CD3E60070 /* Pods_OwnLab.framework */,
				1AB7D6AC827846BA2FFC5BF3 /* Pods_OwnLab_OwnLabUITests.framework */,
				E75390F8981722719D35BC84 /* Pods_OwnLabTests.framework */,
			);
			name = Frameworks;
			sourceTree = "<group>";
		};
/* End PBXGroup section */

/* Begin PBXNativeTarget section */
		18E7D9042B0A3A5900D18B9E /* OwnLab */ = {
			isa = PBXNativeTarget;
			buildConfigurationList = 18E7D9292B0A3A5A00D18B9E /* Build configuration list for PBXNativeTarget "OwnLab" */;
			buildPhases = (
				50D93951B437E8464661134E /* [CP] Check Pods Manifest.lock */,
				18E7D9012B0A3A5900D18B9E /* Sources */,
				18E7D9022B0A3A5900D18B9E /* Frameworks */,
				18E7D9032B0A3A5900D18B9E /* Resources */,
				B47996BEC3F9BFF86D5B4348 /* [CP] Embed Pods Frameworks */,
			);
			buildRules = (
			);
			dependencies = (
			);
			name = OwnLab;
			productName = OwnLab;
			productReference = 18E7D9052B0A3A5900D18B9E /* OwnLab.app */;
			productType = "com.apple.product-type.application";
		};
		18E7D9142B0A3A5A00D18B9E /* OwnLabTests */ = {
			isa = PBXNativeTarget;
			buildConfigurationList = 18E7D92C2B0A3A5A00D18B9E /* Build configuration list for PBXNativeTarget "OwnLabTests" */;
			buildPhases = (
				A870658874483C46AC72BC42 /* [CP] Check Pods Manifest.lock */,
				18E7D9112B0A3A5A00D18B9E /* Sources */,
				18E7D9122B0A3A5A00D18B9E /* Frameworks */,
				18E7D9132B0A3A5A00D18B9E /* Resources */,
			);
			buildRules = (
			);
			dependencies = (
				18E7D9172B0A3A5A00D18B9E /* PBXTargetDependency */,
			);
			name = OwnLabTests;
			productName = OwnLabTests;
			productReference = 18E7D9152B0A3A5A00D18B9E /* OwnLabTests.xctest */;
			productType = "com.apple.product-type.bundle.unit-test";
		};
		18E7D91E2B0A3A5A00D18B9E /* OwnLabUITests */ = {
			isa = PBXNativeTarget;
			buildConfigurationList = 18E7D92F2B0A3A5A00D18B9E /* Build configuration list for PBXNativeTarget "OwnLabUITests" */;
			buildPhases = (
				2720868690E246A709CB3C9B /* [CP] Check Pods Manifest.lock */,
				18E7D91B2B0A3A5A00D18B9E /* Sources */,
				18E7D91C2B0A3A5A00D18B9E /* Frameworks */,
				18E7D91D2B0A3A5A00D18B9E /* Resources */,
				D4FAFA4468A4B8943A21DBF6 /* [CP] Embed Pods Frameworks */,
			);
			buildRules = (
			);
			dependencies = (
				18E7D9212B0A3A5A00D18B9E /* PBXTargetDependency */,
			);
			name = OwnLabUITests;
			productName = OwnLabUITests;
			productReference = 18E7D91F2B0A3A5A00D18B9E /* OwnLabUITests.xctest */;
			productType = "com.apple.product-type.bundle.ui-testing";
		};
/* End PBXNativeTarget section */

/* Begin PBXProject section */
		18E7D8FD2B0A3A5900D18B9E /* Project object */ = {
			isa = PBXProject;
			attributes = {
				BuildIndependentTargetsInParallel = 1;
				LastSwiftUpdateCheck = 1500;
				LastUpgradeCheck = 1500;
				TargetAttributes = {
					18E7D9042B0A3A5900D18B9E = {
						CreatedOnToolsVersion = 15.0.1;
					};
					18E7D9142B0A3A5A00D18B9E = {
						CreatedOnToolsVersion = 15.0.1;
						TestTargetID = 18E7D9042B0A3A5900D18B9E;
					};
					18E7D91E2B0A3A5A00D18B9E = {
						CreatedOnToolsVersion = 15.0.1;
						TestTargetID = 18E7D9042B0A3A5900D18B9E;
					};
				};
			};
			buildConfigurationList = 18E7D9002B0A3A5900D18B9E /* Build configuration list for PBXProject "OwnLab" */;
			compatibilityVersion = "Xcode 14.0";
			developmentRegion = en;
			hasScannedForEncodings = 0;
			knownRegions = (
				en,
				Base,
			);
			mainGroup = 18E7D8FC2B0A3A5900D18B9E;
			productRefGroup = 18E7D9062B0A3A5900D18B9E /* Products */;
			projectDirPath = "";
			projectRoot = "";
			targets = (
				18E7D9042B0A3A5900D18B9E /* OwnLab */,
				18E7D9142B0A3A5A00D18B9E /* OwnLabTests */,
				18E7D91E2B0A3A5A00D18B9E /* OwnLabUITests */,
			);
		};
/* End PBXProject section */

/* Begin PBXResourcesBuildPhase section */
		18E7D9032B0A3A5900D18B9E /* Resources */ = {
			isa = PBXResourcesBuildPhase;
			buildActionMask = 2147483647;
			files = (
				18E7D9102B0A3A5A00D18B9E /* Preview Assets.xcassets in Resources */,
				18E7D90D2B0A3A5A00D18B9E /* Assets.xcassets in Resources */,
			);
			runOnlyForDeploymentPostprocessing = 0;
		};
		18E7D9132B0A3A5A00D18B9E /* Resources */ = {
			isa = PBXResourcesBuildPhase;
			buildActionMask = 2147483647;
			files = (
			);
			runOnlyForDeploymentPostprocessing = 0;
		};
		18E7D91D2B0A3A5A00D18B9E /* Resources */ = {
			isa = PBXResourcesBuildPhase;
			buildActionMask = 2147483647;
			files = (
			);
			runOnlyForDeploymentPostprocessing = 0;
		};
/* End PBXResourcesBuildPhase section */

/* Begin PBXShellScriptBuildPhase section */
		2720868690E246A709CB3C9B /* [CP] Check Pods Manifest.lock */ = {
			isa = PBXShellScriptBuildPhase;
			buildActionMask = 2147483647;
			files = (
			);
			inputFileListPaths = (
			);
			inputPaths = (
				"${PODS_PODFILE_DIR_PATH}/Podfile.lock",
				"${PODS_ROOT}/Manifest.lock",
			);
			name = "[CP] Check Pods Manifest.lock";
			outputFileListPaths = (
			);
			outputPaths = (
				"$(DERIVED_FILE_DIR)/Pods-OwnLab-OwnLabUITests-checkManifestLockResult.txt",
			);
			runOnlyForDeploymentPostprocessing = 0;
			shellPath = /bin/sh;
			shellScript = "diff \"${PODS_PODFILE_DIR_PATH}/Podfile.lock\" \"${PODS_ROOT}/Manifest.lock\" > /dev/null\nif [ $? != 0 ] ; then\n    # print error to STDERR\n    echo \"error: The sandbox is not in sync with the Podfile.lock. Run 'pod install' or update your CocoaPods installation.\" >&2\n    exit 1\nfi\n# This output is used by Xcode 'outputs' to avoid re-running this script phase.\necho \"SUCCESS\" > \"${SCRIPT_OUTPUT_FILE_0}\"\n";
			showEnvVarsInLog = 0;
		};
		50D93951B437E8464661134E /* [CP] Check Pods Manifest.lock */ = {
			isa = PBXShellScriptBuildPhase;
			buildActionMask = 2147483647;
			files = (
			);
			inputFileListPaths = (
			);
			inputPaths = (
				"${PODS_PODFILE_DIR_PATH}/Podfile.lock",
				"${PODS_ROOT}/Manifest.lock",
			);
			name = "[CP] Check Pods Manifest.lock";
			outputFileListPaths = (
			);
			outputPaths = (
				"$(DERIVED_FILE_DIR)/Pods-OwnLab-checkManifestLockResult.txt",
			);
			runOnlyForDeploymentPostprocessing = 0;
			shellPath = /bin/sh;
			shellScript = "diff \"${PODS_PODFILE_DIR_PATH}/Podfile.lock\" \"${PODS_ROOT}/Manifest.lock\" > /dev/null\nif [ $? != 0 ] ; then\n    # print error to STDERR\n    echo \"error: The sandbox is not in sync with the Podfile.lock. Run 'pod install' or update your CocoaPods installation.\" >&2\n    exit 1\nfi\n# This output is used by Xcode 'outputs' to avoid re-running this script phase.\necho \"SUCCESS\" > \"${SCRIPT_OUTPUT_FILE_0}\"\n";
			showEnvVarsInLog = 0;
		};
		A870658874483C46AC72BC42 /* [CP] Check Pods Manifest.lock */ = {
			isa = PBXShellScriptBuildPhase;
			buildActionMask = 2147483647;
			files = (
			);
			inputFileListPaths = (
			);
			inputPaths = (
				"${PODS_PODFILE_DIR_PATH}/Podfile.lock",
				"${PODS_ROOT}/Manifest.lock",
			);
			name = "[CP] Check Pods Manifest.lock";
			outputFileListPaths = (
			);
			outputPaths = (
				"$(DERIVED_FILE_DIR)/Pods-OwnLabTests-checkManifestLockResult.txt",
			);
			runOnlyForDeploymentPostprocessing = 0;
			shellPath = /bin/sh;
			shellScript = "diff \"${PODS_PODFILE_DIR_PATH}/Podfile.lock\" \"${PODS_ROOT}/Manifest.lock\" > /dev/null\nif [ $? != 0 ] ; then\n    # print error to STDERR\n    echo \"error: The sandbox is not in sync with the Podfile.lock. Run 'pod install' or update your CocoaPods installation.\" >&2\n    exit 1\nfi\n# This output is used by Xcode 'outputs' to avoid re-running this script phase.\necho \"SUCCESS\" > \"${SCRIPT_OUTPUT_FILE_0}\"\n";
			showEnvVarsInLog = 0;
		};
		B47996BEC3F9BFF86D5B4348 /* [CP] Embed Pods Frameworks */ = {
			isa = PBXShellScriptBuildPhase;
			buildActionMask = 2147483647;
			files = (
			);
			inputFileListPaths = (
				"${PODS_ROOT}/Target Support Files/Pods-OwnLab/Pods-OwnLab-frameworks-${CONFIGURATION}-input-files.xcfilelist",
			);
			name = "[CP] Embed Pods Frameworks";
			outputFileListPaths = (
				"${PODS_ROOT}/Target Support Files/Pods-OwnLab/Pods-OwnLab-frameworks-${CONFIGURATION}-output-files.xcfilelist",
			);
			runOnlyForDeploymentPostprocessing = 0;
			shellPath = /bin/sh;
			shellScript = "\"${PODS_ROOT}/Target Support Files/Pods-OwnLab/Pods-OwnLab-frameworks.sh\"\n";
			showEnvVarsInLog = 0;
		};
		D4FAFA4468A4B8943A21DBF6 /* [CP] Embed Pods Frameworks */ = {
			isa = PBXShellScriptBuildPhase;
			buildActionMask = 2147483647;
			files = (
			);
			inputFileListPaths = (
				"${PODS_ROOT}/Target Support Files/Pods-OwnLab-OwnLabUITests/Pods-OwnLab-OwnLabUITests-frameworks-${CONFIGURATION}-input-files.xcfilelist",
			);
			name = "[CP] Embed Pods Frameworks";
			outputFileListPaths = (
				"${PODS_ROOT}/Target Support Files/Pods-OwnLab-OwnLabUITests/Pods-OwnLab-OwnLabUITests-frameworks-${CONFIGURATION}-output-files.xcfilelist",
			);
			runOnlyForDeploymentPostprocessing = 0;
			shellPath = /bin/sh;
			shellScript = "\"${PODS_ROOT}/Target Support Files/Pods-OwnLab-OwnLabUITests/Pods-OwnLab-OwnLabUITests-frameworks.sh\"\n";
			showEnvVarsInLog = 0;
		};
/* End PBXShellScriptBuildPhase section */

/* Begin PBXSourcesBuildPhase section */
		18E7D9012B0A3A5900D18B9E /* Sources */ = {
			isa = PBXSourcesBuildPhase;
			buildActionMask = 2147483647;
			files = (
				18F7B39E2B105B6600FD8B5A /* SearchBar.swift in Sources */,
				18E7D9372B0A4A4700D18B9E /* FindingView.swift in Sources */,
				18E7D9352B0A491200D18B9E /* iOSCheckboxToggleStyle.swift in Sources */,
				18F7B3A02B106A8800FD8B5A /* ViewModifiers.swift in Sources */,
				18E7D9332B0A438100D18B9E /* HomeView.swift in Sources */,
				18E7D9392B0A50D000D18B9E /* RegisterView.swift in Sources */,
				18E7D90B2B0A3A5900D18B9E /* ContentView.swift in Sources */,
				18E7D9092B0A3A5900D18B9E /* OwnLabApp.swift in Sources */,
			);
			runOnlyForDeploymentPostprocessing = 0;
		};
		18E7D9112B0A3A5A00D18B9E /* Sources */ = {
			isa = PBXSourcesBuildPhase;
			buildActionMask = 2147483647;
			files = (
				18E7D91A2B0A3A5A00D18B9E /* OwnLabTests.swift in Sources */,
			);
			runOnlyForDeploymentPostprocessing = 0;
		};
		18E7D91B2B0A3A5A00D18B9E /* Sources */ = {
			isa = PBXSourcesBuildPhase;
			buildActionMask = 2147483647;
			files = (
				18E7D9242B0A3A5A00D18B9E /* OwnLabUITests.swift in Sources */,
				18E7D9262B0A3A5A00D18B9E /* OwnLabUITestsLaunchTests.swift in Sources */,
			);
			runOnlyForDeploymentPostprocessing = 0;
		};
/* End PBXSourcesBuildPhase section */

/* Begin PBXTargetDependency section */
		18E7D9172B0A3A5A00D18B9E /* PBXTargetDependency */ = {
			isa = PBXTargetDependency;
			target = 18E7D9042B0A3A5900D18B9E /* OwnLab */;
			targetProxy = 18E7D9162B0A3A5A00D18B9E /* PBXContainerItemProxy */;
		};
		18E7D9212B0A3A5A00D18B9E /* PBXTargetDependency */ = {
			isa = PBXTargetDependency;
			target = 18E7D9042B0A3A5900D18B9E /* OwnLab */;
			targetProxy = 18E7D9202B0A3A5A00D18B9E /* PBXContainerItemProxy */;
		};
/* End PBXTargetDependency section */

/* Begin XCBuildConfiguration section */
		18E7D9272B0A3A5A00D18B9E /* Debug */ = {
			isa = XCBuildConfiguration;
			buildSettings = {
				ALWAYS_SEARCH_USER_PATHS = NO;
				ASSETCATALOG_COMPILER_GENERATE_SWIFT_ASSET_SYMBOL_EXTENSIONS = YES;
				CLANG_ANALYZER_NONNULL = YES;
				CLANG_ANALYZER_NUMBER_OBJECT_CONVERSION = YES_AGGRESSIVE;
				CLANG_CXX_LANGUAGE_STANDARD = "gnu++20";
				CLANG_ENABLE_MODULES = YES;
				CLANG_ENABLE_OBJC_ARC = YES;
				CLANG_ENABLE_OBJC_WEAK = YES;
				CLANG_WARN_BLOCK_CAPTURE_AUTORELEASING = YES;
				CLANG_WARN_BOOL_CONVERSION = YES;
				CLANG_WARN_COMMA = YES;
				CLANG_WARN_CONSTANT_CONVERSION = YES;
				CLANG_WARN_DEPRECATED_OBJC_IMPLEMENTATIONS = YES;
				CLANG_WARN_DIRECT_OBJC_ISA_USAGE = YES_ERROR;
				CLANG_WARN_DOCUMENTATION_COMMENTS = YES;
				CLANG_WARN_EMPTY_BODY = YES;
				CLANG_WARN_ENUM_CONVERSION = YES;
				CLANG_WARN_INFINITE_RECURSION = YES;
				CLANG_WARN_INT_CONVERSION = YES;
				CLANG_WARN_NON_LITERAL_NULL_CONVERSION = YES;
				CLANG_WARN_OBJC_IMPLICIT_RETAIN_SELF = YES;
				CLANG_WARN_OBJC_LITERAL_CONVERSION = YES;
				CLANG_WARN_OBJC_ROOT_CLASS = YES_ERROR;
				CLANG_WARN_QUOTED_INCLUDE_IN_FRAMEWORK_HEADER = YES;
				CLANG_WARN_RANGE_LOOP_ANALYSIS = YES;
				CLANG_WARN_STRICT_PROTOTYPES = YES;
				CLANG_WARN_SUSPICIOUS_MOVE = YES;
				CLANG_WARN_UNGUARDED_AVAILABILITY = YES_AGGRESSIVE;
				CLANG_WARN_UNREACHABLE_CODE = YES;
				CLANG_WARN__DUPLICATE_METHOD_MATCH = YES;
				COPY_PHASE_STRIP = NO;
				DEBUG_INFORMATION_FORMAT = dwarf;
				ENABLE_STRICT_OBJC_MSGSEND = YES;
				ENABLE_TESTABILITY = YES;
				ENABLE_USER_SCRIPT_SANDBOXING = YES;
				GCC_C_LANGUAGE_STANDARD = gnu17;
				GCC_DYNAMIC_NO_PIC = NO;
				GCC_NO_COMMON_BLOCKS = YES;
				GCC_OPTIMIZATION_LEVEL = 0;
				GCC_PREPROCESSOR_DEFINITIONS = (
					"DEBUG=1",
					"$(inherited)",
				);
				GCC_WARN_64_TO_32_BIT_CONVERSION = YES;
				GCC_WARN_ABOUT_RETURN_TYPE = YES_ERROR;
				GCC_WARN_UNDECLARED_SELECTOR = YES;
				GCC_WARN_UNINITIALIZED_AUTOS = YES_AGGRESSIVE;
				GCC_WARN_UNUSED_FUNCTION = YES;
				GCC_WARN_UNUSED_VARIABLE = YES;
				IPHONEOS_DEPLOYMENT_TARGET = 17.0;
				LOCALIZATION_PREFERS_STRING_CATALOGS = YES;
				MTL_ENABLE_DEBUG_INFO = INCLUDE_SOURCE;
				MTL_FAST_MATH = YES;
				ONLY_ACTIVE_ARCH = YES;
				SDKROOT = iphoneos;
				SWIFT_ACTIVE_COMPILATION_CONDITIONS = "DEBUG $(inherited)";
				SWIFT_OPTIMIZATION_LEVEL = "-Onone";
			};
			name = Debug;
		};
		18E7D9282B0A3A5A00D18B9E /* Release */ = {
			isa = XCBuildConfiguration;
			buildSettings = {
				ALWAYS_SEARCH_USER_PATHS = NO;
				ASSETCATALOG_COMPILER_GENERATE_SWIFT_ASSET_SYMBOL_EXTENSIONS = YES;
				CLANG_ANALYZER_NONNULL = YES;
				CLANG_ANALYZER_NUMBER_OBJECT_CONVERSION = YES_AGGRESSIVE;
				CLANG_CXX_LANGUAGE_STANDARD = "gnu++20";
				CLANG_ENABLE_MODULES = YES;
				CLANG_ENABLE_OBJC_ARC = YES;
				CLANG_ENABLE_OBJC_WEAK = YES;
				CLANG_WARN_BLOCK_CAPTURE_AUTORELEASING = YES;
				CLANG_WARN_BOOL_CONVERSION = YES;
				CLANG_WARN_COMMA = YES;
				CLANG_WARN_CONSTANT_CONVERSION = YES;
				CLANG_WARN_DEPRECATED_OBJC_IMPLEMENTATIONS = YES;
				CLANG_WARN_DIRECT_OBJC_ISA_USAGE = YES_ERROR;
				CLANG_WARN_DOCUMENTATION_COMMENTS = YES;
				CLANG_WARN_EMPTY_BODY = YES;
				CLANG_WARN_ENUM_CONVERSION = YES;
				CLANG_WARN_INFINITE_RECURSION = YES;
				CLANG_WARN_INT_CONVERSION = YES;
				CLANG_WARN_NON_LITERAL_NULL_CONVERSION = YES;
				CLANG_WARN_OBJC_IMPLICIT_RETAIN_SELF = YES;
				CLANG_WARN_OBJC_LITERAL_CONVERSION = YES;
				CLANG_WARN_OBJC_ROOT_CLASS = YES_ERROR;
				CLANG_WARN_QUOTED_INCLUDE_IN_FRAMEWORK_HEADER = YES;
				CLANG_WARN_RANGE_LOOP_ANALYSIS = YES;
				CLANG_WARN_STRICT_PROTOTYPES = YES;
				CLANG_WARN_SUSPICIOUS_MOVE = YES;
				CLANG_WARN_UNGUARDED_AVAILABILITY = YES_AGGRESSIVE;
				CLANG_WARN_UNREACHABLE_CODE = YES;
				CLANG_WARN__DUPLICATE_METHOD_MATCH = YES;
				COPY_PHASE_STRIP = NO;
				DEBUG_INFORMATION_FORMAT = "dwarf-with-dsym";
				ENABLE_NS_ASSERTIONS = NO;
				ENABLE_STRICT_OBJC_MSGSEND = YES;
				ENABLE_USER_SCRIPT_SANDBOXING = YES;
				GCC_C_LANGUAGE_STANDARD = gnu17;
				GCC_NO_COMMON_BLOCKS = YES;
				GCC_WARN_64_TO_32_BIT_CONVERSION = YES;
				GCC_WARN_ABOUT_RETURN_TYPE = YES_ERROR;
				GCC_WARN_UNDECLARED_SELECTOR = YES;
				GCC_WARN_UNINITIALIZED_AUTOS = YES_AGGRESSIVE;
				GCC_WARN_UNUSED_FUNCTION = YES;
				GCC_WARN_UNUSED_VARIABLE = YES;
				IPHONEOS_DEPLOYMENT_TARGET = 17.0;
				LOCALIZATION_PREFERS_STRING_CATALOGS = YES;
				MTL_ENABLE_DEBUG_INFO = NO;
				MTL_FAST_MATH = YES;
				SDKROOT = iphoneos;
				SWIFT_COMPILATION_MODE = wholemodule;
				VALIDATE_PRODUCT = YES;
			};
			name = Release;
		};
		18E7D92A2B0A3A5A00D18B9E /* Debug */ = {
			isa = XCBuildConfiguration;
			baseConfigurationReference = B731BE11F1B541DDBE68334C /* Pods-OwnLab.debug.xcconfig */;
			buildSettings = {
				ASSETCATALOG_COMPILER_APPICON_NAME = AppIcon;
				ASSETCATALOG_COMPILER_GLOBAL_ACCENT_COLOR_NAME = AccentColor;
				CODE_SIGN_STYLE = Automatic;
				CURRENT_PROJECT_VERSION = 1;
				DEVELOPMENT_ASSET_PATHS = "\"OwnLab/Preview Content\"";
				DEVELOPMENT_TEAM = 79MK4FZV6Q;
				ENABLE_PREVIEWS = YES;
				GENERATE_INFOPLIST_FILE = YES;
				INFOPLIST_KEY_UIApplicationSceneManifest_Generation = YES;
				INFOPLIST_KEY_UIApplicationSupportsIndirectInputEvents = YES;
				INFOPLIST_KEY_UILaunchScreen_Generation = YES;
				INFOPLIST_KEY_UISupportedInterfaceOrientations_iPad = "UIInterfaceOrientationPortrait UIInterfaceOrientationPortraitUpsideDown UIInterfaceOrientationLandscapeLeft UIInterfaceOrientationLandscapeRight";
				INFOPLIST_KEY_UISupportedInterfaceOrientations_iPhone = "UIInterfaceOrientationPortrait UIInterfaceOrientationLandscapeLeft UIInterfaceOrientationLandscapeRight";
				LD_RUNPATH_SEARCH_PATHS = (
					"$(inherited)",
					"@executable_path/Frameworks",
				);
				MARKETING_VERSION = 1.0;
				PRODUCT_BUNDLE_IDENTIFIER = com.example.enfycius.OwnLab;
				PRODUCT_NAME = "$(TARGET_NAME)";
				SWIFT_EMIT_LOC_STRINGS = YES;
				SWIFT_VERSION = 5.0;
				TARGETED_DEVICE_FAMILY = "1,2";
			};
			name = Debug;
		};
		18E7D92B2B0A3A5A00D18B9E /* Release */ = {
			isa = XCBuildConfiguration;
			baseConfigurationReference = 68CD77C262E2EF1789E76561 /* Pods-OwnLab.release.xcconfig */;
			buildSettings = {
				ASSETCATALOG_COMPILER_APPICON_NAME = AppIcon;
				ASSETCATALOG_COMPILER_GLOBAL_ACCENT_COLOR_NAME = AccentColor;
				CODE_SIGN_STYLE = Automatic;
				CURRENT_PROJECT_VERSION = 1;
				DEVELOPMENT_ASSET_PATHS = "\"OwnLab/Preview Content\"";
				DEVELOPMENT_TEAM = 79MK4FZV6Q;
				ENABLE_PREVIEWS = YES;
				GENERATE_INFOPLIST_FILE = YES;
				INFOPLIST_KEY_UIApplicationSceneManifest_Generation = YES;
				INFOPLIST_KEY_UIApplicationSupportsIndirectInputEvents = YES;
				INFOPLIST_KEY_UILaunchScreen_Generation = YES;
				INFOPLIST_KEY_UISupportedInterfaceOrientations_iPad = "UIInterfaceOrientationPortrait UIInterfaceOrientationPortraitUpsideDown UIInterfaceOrientationLandscapeLeft UIInterfaceOrientationLandscapeRight";
				INFOPLIST_KEY_UISupportedInterfaceOrientations_iPhone = "UIInterfaceOrientationPortrait UIInterfaceOrientationLandscapeLeft UIInterfaceOrientationLandscapeRight";
				LD_RUNPATH_SEARCH_PATHS = (
					"$(inherited)",
					"@executable_path/Frameworks",
				);
				MARKETING_VERSION = 1.0;
				PRODUCT_BUNDLE_IDENTIFIER = com.example.enfycius.OwnLab;
				PRODUCT_NAME = "$(TARGET_NAME)";
				SWIFT_EMIT_LOC_STRINGS = YES;
				SWIFT_VERSION = 5.0;
				TARGETED_DEVICE_FAMILY = "1,2";
			};
			name = Release;
		};
		18E7D92D2B0A3A5A00D18B9E /* Debug */ = {
			isa = XCBuildConfiguration;
			baseConfigurationReference = F1188C49856420B30B100A74 /* Pods-OwnLabTests.debug.xcconfig */;
			buildSettings = {
				ALWAYS_EMBED_SWIFT_STANDARD_LIBRARIES = YES;
				BUNDLE_LOADER = "$(TEST_HOST)";
				CODE_SIGN_STYLE = Automatic;
				CURRENT_PROJECT_VERSION = 1;
				DEVELOPMENT_TEAM = 79MK4FZV6Q;
				GENERATE_INFOPLIST_FILE = YES;
				IPHONEOS_DEPLOYMENT_TARGET = 17.0;
				MARKETING_VERSION = 1.0;
				PRODUCT_BUNDLE_IDENTIFIER = com.example.enfycius.OwnLabTests;
				PRODUCT_NAME = "$(TARGET_NAME)";
				SWIFT_EMIT_LOC_STRINGS = NO;
				SWIFT_VERSION = 5.0;
				TARGETED_DEVICE_FAMILY = "1,2";
				TEST_HOST = "$(BUILT_PRODUCTS_DIR)/OwnLab.app/$(BUNDLE_EXECUTABLE_FOLDER_PATH)/OwnLab";
			};
			name = Debug;
		};
		18E7D92E2B0A3A5A00D18B9E /* Release */ = {
			isa = XCBuildConfiguration;
			baseConfigurationReference = 1F99C83B1D6F757487EC54BE /* Pods-OwnLabTests.release.xcconfig */;
			buildSettings = {
				ALWAYS_EMBED_SWIFT_STANDARD_LIBRARIES = YES;
				BUNDLE_LOADER = "$(TEST_HOST)";
				CODE_SIGN_STYLE = Automatic;
				CURRENT_PROJECT_VERSION = 1;
				DEVELOPMENT_TEAM = 79MK4FZV6Q;
				GENERATE_INFOPLIST_FILE = YES;
				IPHONEOS_DEPLOYMENT_TARGET = 17.0;
				MARKETING_VERSION = 1.0;
				PRODUCT_BUNDLE_IDENTIFIER = com.example.enfycius.OwnLabTests;
				PRODUCT_NAME = "$(TARGET_NAME)";
				SWIFT_EMIT_LOC_STRINGS = NO;
				SWIFT_VERSION = 5.0;
				TARGETED_DEVICE_FAMILY = "1,2";
				TEST_HOST = "$(BUILT_PRODUCTS_DIR)/OwnLab.app/$(BUNDLE_EXECUTABLE_FOLDER_PATH)/OwnLab";
			};
			name = Release;
		};
		18E7D9302B0A3A5A00D18B9E /* Debug */ = {
			isa = XCBuildConfiguration;
			baseConfigurationReference = 8ABA5163FCB56455E847CD41 /* Pods-OwnLab-OwnLabUITests.debug.xcconfig */;
			buildSettings = {
				ALWAYS_EMBED_SWIFT_STANDARD_LIBRARIES = YES;
				CODE_SIGN_STYLE = Automatic;
				CURRENT_PROJECT_VERSION = 1;
				DEVELOPMENT_TEAM = 79MK4FZV6Q;
				GENERATE_INFOPLIST_FILE = YES;
				MARKETING_VERSION = 1.0;
				PRODUCT_BUNDLE_IDENTIFIER = com.example.enfycius.OwnLabUITests;
				PRODUCT_NAME = "$(TARGET_NAME)";
				SWIFT_EMIT_LOC_STRINGS = NO;
				SWIFT_VERSION = 5.0;
				TARGETED_DEVICE_FAMILY = "1,2";
				TEST_TARGET_NAME = OwnLab;
			};
			name = Debug;
		};
		18E7D9312B0A3A5A00D18B9E /* Release */ = {
			isa = XCBuildConfiguration;
			baseConfigurationReference = CE1656973AE29251B8C7815B /* Pods-OwnLab-OwnLabUITests.release.xcconfig */;
			buildSettings = {
				ALWAYS_EMBED_SWIFT_STANDARD_LIBRARIES = YES;
				CODE_SIGN_STYLE = Automatic;
				CURRENT_PROJECT_VERSION = 1;
				DEVELOPMENT_TEAM = 79MK4FZV6Q;
				GENERATE_INFOPLIST_FILE = YES;
				MARKETING_VERSION = 1.0;
				PRODUCT_BUNDLE_IDENTIFIER = com.example.enfycius.OwnLabUITests;
				PRODUCT_NAME = "$(TARGET_NAME)";
				SWIFT_EMIT_LOC_STRINGS = NO;
				SWIFT_VERSION = 5.0;
				TARGETED_DEVICE_FAMILY = "1,2";
				TEST_TARGET_NAME = OwnLab;
			};
			name = Release;
		};
/* End XCBuildConfiguration section */

/* Begin XCConfigurationList section */
		18E7D9002B0A3A5900D18B9E /* Build configuration list for PBXProject "OwnLab" */ = {
			isa = XCConfigurationList;
			buildConfigurations = (
				18E7D9272B0A3A5A00D18B9E /* Debug */,
				18E7D9282B0A3A5A00D18B9E /* Release */,
			);
			defaultConfigurationIsVisible = 0;
			defaultConfigurationName = Release;
		};
		18E7D9292B0A3A5A00D18B9E /* Build configuration list for PBXNativeTarget "OwnLab" */ = {
			isa = XCConfigurationList;
			buildConfigurations = (
				18E7D92A2B0A3A5A00D18B9E /* Debug */,
				18E7D92B2B0A3A5A00D18B9E /* Release */,
			);
			defaultConfigurationIsVisible = 0;
			defaultConfigurationName = Release;
		};
		18E7D92C2B0A3A5A00D18B9E /* Build configuration list for PBXNativeTarget "OwnLabTests" */ = {
			isa = XCConfigurationList;
			buildConfigurations = (
				18E7D92D2B0A3A5A00D18B9E /* Debug */,
				18E7D92E2B0A3A5A00D18B9E /* Release */,
			);
			defaultConfigurationIsVisible = 0;
			defaultConfigurationName = Release;
		};
		18E7D92F2B0A3A5A00D18B9E /* Build configuration list for PBXNativeTarget "OwnLabUITests" */ = {
			isa = XCConfigurationList;
			buildConfigurations = (
				18E7D9302B0A3A5A00D18B9E /* Debug */,
				18E7D9312B0A3A5A00D18B9E /* Release */,
			);
			defaultConfigurationIsVisible = 0;
			defaultConfigurationName = Release;
		};
/* End XCConfigurationList section */
	};
	rootObject = 18E7D8FD2B0A3A5900D18B9E /* Project object */;
}
